
Microsoft Visual Studio Solution File, Format Version 12.00
# Visual Studio Version 17
VisualStudioVersion = 17.10.34804.81
MinimumVisualStudioVersion = 10.0.40219.1
Project("{9A19103F-16F7-4668-BE54-9A1E7A4F7556}") = "MetaMask.Blazor.SampleApp", "MetaMask.Blazor.SampleApp\MetaMask.Blazor.SampleApp.csproj", "{0F486791-A547-4CAB-9624-99A1A33EB55C}"
EndProject
Project("{9A19103F-16F7-4668-BE54-9A1E7A4F7556}") = "MetaMask.Blazor", "MetaMask.Blazor\MetaMask.Blazor.csproj", "{3A8A384E-CE91-4DC2-AEE5-DA723AE4D644}"
EndProject
Project("{2150E333-8FDC-42A3-9474-1A3956D46DE8}") = "SampleWebApp", "SampleWebApp", "{0E3BE2A7-4412-4DE2-807D-B151288DCC5E}"
EndProject
Project("{FAE04EC0-301F-11D3-BF4B-00C04F79EFBC}") = "Metamask.Blazor.SampleWebApp", "Metamask.Blazor.SampleWebApp\Metamask.Blazor.SampleWebApp\Metamask.Blazor.SampleWebApp.csproj", "{91775BB3-E03A-42C5-868D-14402832B839}"
EndProject
Project("{FAE04EC0-301F-11D3-BF4B-00C04F79EFBC}") = "Metamask.Blazor.SampleWebApp.Client", "Metamask.Blazor.SampleWebApp\Metamask.Blazor.SampleWebApp.Client\Metamask.Blazor.SampleWebApp.Client.csproj", "{F56C5236-B51E-4627-B79C-EBD2D6111CDB}"
EndProject
Global
	GlobalSection(SolutionConfigurationPlatforms) = preSolution
		Debug|Any CPU = Debug|Any CPU
		Release|Any CPU = Release|Any CPU
	EndGlobalSection
	GlobalSection(ProjectConfigurationPlatforms) = postSolution
		{0F486791-A547-4CAB-9624-99A1A33EB55C}.Debug|Any CPU.ActiveCfg = Debug|Any CPU
		{0F486791-A547-4CAB-9624-99A1A33EB55C}.Debug|Any CPU.Build.0 = Debug|Any CPU
		{0F486791-A547-4CAB-9624-99A1A33EB55C}.Release|Any CPU.ActiveCfg = Release|Any CPU
		{0F486791-A547-4CAB-9624-99A1A33EB55C}.Release|Any CPU.Build.0 = Release|Any CPU
		{3A8A384E-CE91-4DC2-AEE5-DA723AE4D644}.Debug|Any CPU.ActiveCfg = Debug|Any CPU
		{3A8A384E-CE91-4DC2-AEE5-DA723AE4D644}.Debug|Any CPU.Build.0 = Debug|Any CPU
		{3A8A384E-CE91-4DC2-AEE5-DA723AE4D644}.Release|Any CPU.ActiveCfg = Release|Any CPU
		{3A8A384E-CE91-4DC2-AEE5-DA723AE4D644}.Release|Any CPU.Build.0 = Release|Any CPU
		{91775BB3-E03A-42C5-868D-14402832B839}.Debug|Any CPU.ActiveCfg = Debug|Any CPU
		{91775BB3-E03A-42C5-868D-14402832B839}.Debug|Any CPU.Build.0 = Debug|Any CPU
		{91775BB3-E03A-42C5-868D-14402832B839}.Release|Any CPU.ActiveCfg = Release|Any CPU
		{91775BB3-E03A-42C5-868D-14402832B839}.Release|Any CPU.Build.0 = Release|Any CPU
		{F56C5236-B51E-4627-B79C-EBD2D6111CDB}.Debug|Any CPU.ActiveCfg = Debug|Any CPU
		{F56C5236-B51E-4627-B79C-EBD2D6111CDB}.Debug|Any CPU.Build.0 = Debug|Any CPU
		{F56C5236-B51E-4627-B79C-EBD2D6111CDB}.Release|Any CPU.ActiveCfg = Release|Any CPU
		{F56C5236-B51E-4627-B79C-EBD2D6111CDB}.Release|Any CPU.Build.0 = Release|Any CPU
	EndGlobalSection
	GlobalSection(SolutionProperties) = preSolution
		HideSolutionNode = FALSE
	EndGlobalSection
	GlobalSection(NestedProjects) = preSolution
		{91775BB3-E03A-42C5-868D-14402832B839} = {0E3BE2A7-4412-4DE2-807D-B151288DCC5E}
		{F56C5236-B51E-4627-B79C-EBD2D6111CDB} = {0E3BE2A7-4412-4DE2-807D-B151288DCC5E}
	EndGlobalSection
	GlobalSection(ExtensibilityGlobals) = postSolution
		SolutionGuid = {7221E773-3EB8-4A50-A0CC-7314DCBB72ED}
	EndGlobalSection
EndGlobal
